
Microsoft Visual Studio Solution File, Format Version 12.00
# Visual Studio 15
VisualStudioVersion = 15.0.28307.902
MinimumVisualStudioVersion = 10.0.40219.1
Project("{FAE04EC0-301F-11D3-BF4B-00C04F79EFBC}") = "EightQueens", "EightQueens\EightQueens.csproj", "{68966831-9B6E-43D2-A7A1-066A5FA55568}"
EndProject
Global
	GlobalSection(SolutionConfigurationPlatforms) = preSolution
		Debug|Any CPU = Debug|Any CPU
		Release|Any CPU = Release|Any CPU
	EndGlobalSection
	GlobalSection(ProjectConfigurationPlatforms) = postSolution
		{68966831-9B6E-43D2-A7A1-066A5FA55568}.Debug|Any CPU.ActiveCfg = Debug|Any CPU
		{68966831-9B6E-43D2-A7A1-066A5FA55568}.Debug|Any CPU.Build.0 = Debug|Any CPU
		{68966831-9B6E-43D2-A7A1-066A5FA55568}.Release|Any CPU.ActiveCfg = Release|Any CPU
		{68966831-9B6E-43D2-A7A1-066A5FA55568}.Release|Any CPU.Build.0 = Release|Any CPU
	EndGlobalSection
	GlobalSection(SolutionProperties) = preSolution
		HideSolutionNode = FALSE
	EndGlobalSection
	GlobalSection(ExtensibilityGlobals) = postSolution
		SolutionGuid = {E7CC4B10-C7F6-48B1-ACA8-55C51D04A9FC}
	EndGlobalSection
EndGlobal
